// !$*UTF8*$!
{
	archiveVersion = 1;
	classes = {
	};
	objectVersion = 48;
	objects = {

/* Begin PBXBuildFile section */
		D05C020F203A12B0005BD226 /* CustomRecipeViewController.swift in Sources */ = {isa = PBXBuildFile; fileRef = D05C020E203A12B0005BD226 /* CustomRecipeViewController.swift */; };
		D0D290D9200D309400ACC33E /* AppDelegate.swift in Sources */ = {isa = PBXBuildFile; fileRef = D0D290D8200D309400ACC33E /* AppDelegate.swift */; };
		D0D290DB200D309400ACC33E /* HomeViewController.swift in Sources */ = {isa = PBXBuildFile; fileRef = D0D290DA200D309400ACC33E /* HomeViewController.swift */; };
		D0D290DE200D309400ACC33E /* Main.storyboard in Resources */ = {isa = PBXBuildFile; fileRef = D0D290DC200D309400ACC33E /* Main.storyboard */; };
		D0D290E0200D309400ACC33E /* Assets.xcassets in Resources */ = {isa = PBXBuildFile; fileRef = D0D290DF200D309400ACC33E /* Assets.xcassets */; };
		D0D290E3200D309400ACC33E /* LaunchScreen.storyboard in Resources */ = {isa = PBXBuildFile; fileRef = D0D290E1200D309400ACC33E /* LaunchScreen.storyboard */; };
		D0D290EE200D309400ACC33E /* Recipe_GeneratorTests.swift in Sources */ = {isa = PBXBuildFile; fileRef = D0D290ED200D309400ACC33E /* Recipe_GeneratorTests.swift */; };
		D0D290F9200D309400ACC33E /* Recipe_GeneratorUITests.swift in Sources */ = {isa = PBXBuildFile; fileRef = D0D290F8200D309400ACC33E /* Recipe_GeneratorUITests.swift */; };
		D0F5EE1420213254006966ED /* Recipe.swift in Sources */ = {isa = PBXBuildFile; fileRef = D0F5EE1320213254006966ED /* Recipe.swift */; };
		D0F5EE162022C96D006966ED /* RecipeViewController.swift in Sources */ = {isa = PBXBuildFile; fileRef = D0F5EE152022C96D006966ED /* RecipeViewController.swift */; };
/* End PBXBuildFile section */

/* Begin PBXContainerItemProxy section */
		D0D290EA200D309400ACC33E /* PBXContainerItemProxy */ = {
			isa = PBXContainerItemProxy;
			containerPortal = D0D290CD200D309300ACC33E /* Project object */;
			proxyType = 1;
			remoteGlobalIDString = D0D290D4200D309300ACC33E;
			remoteInfo = "Recipe Generator";
		};
		D0D290F5200D309400ACC33E /* PBXContainerItemProxy */ = {
			isa = PBXContainerItemProxy;
			containerPortal = D0D290CD200D309300ACC33E /* Project object */;
			proxyType = 1;
			remoteGlobalIDString = D0D290D4200D309300ACC33E;
			remoteInfo = "Recipe Generator";
		};
/* End PBXContainerItemProxy section */

/* Begin PBXFileReference section */
		D05C020E203A12B0005BD226 /* CustomRecipeViewController.swift */ = {isa = PBXFileReference; lastKnownFileType = sourcecode.swift; path = CustomRecipeViewController.swift; sourceTree = "<group>"; };
		D0D290D5200D309300ACC33E /* Pastabilities.app */ = {isa = PBXFileReference; explicitFileType = wrapper.application; includeInIndex = 0; path = Pastabilities.app; sourceTree = BUILT_PRODUCTS_DIR; };
		D0D290D8200D309400ACC33E /* AppDelegate.swift */ = {isa = PBXFileReference; lastKnownFileType = sourcecode.swift; path = AppDelegate.swift; sourceTree = "<group>"; };
		D0D290DA200D309400ACC33E /* HomeViewController.swift */ = {isa = PBXFileReference; lastKnownFileType = sourcecode.swift; path = HomeViewController.swift; sourceTree = "<group>"; };
		D0D290DD200D309400ACC33E /* Base */ = {isa = PBXFileReference; lastKnownFileType = file.storyboard; name = Base; path = Base.lproj/Main.storyboard; sourceTree = "<group>"; };
		D0D290DF200D309400ACC33E /* Assets.xcassets */ = {isa = PBXFileReference; lastKnownFileType = folder.assetcatalog; path = Assets.xcassets; sourceTree = "<group>"; };
		D0D290E2200D309400ACC33E /* Base */ = {isa = PBXFileReference; lastKnownFileType = file.storyboard; name = Base; path = Base.lproj/LaunchScreen.storyboard; sourceTree = "<group>"; };
		D0D290E4200D309400ACC33E /* Info.plist */ = {isa = PBXFileReference; lastKnownFileType = text.plist.xml; path = Info.plist; sourceTree = "<group>"; };
		D0D290E9200D309400ACC33E /* PastabilitiesTests.xctest */ = {isa = PBXFileReference; explicitFileType = wrapper.cfbundle; includeInIndex = 0; path = PastabilitiesTests.xctest; sourceTree = BUILT_PRODUCTS_DIR; };
		D0D290ED200D309400ACC33E /* Recipe_GeneratorTests.swift */ = {isa = PBXFileReference; lastKnownFileType = sourcecode.swift; path = Recipe_GeneratorTests.swift; sourceTree = "<group>"; };
		D0D290EF200D309400ACC33E /* Info.plist */ = {isa = PBXFileReference; lastKnownFileType = text.plist.xml; path = Info.plist; sourceTree = "<group>"; };
		D0D290F4200D309400ACC33E /* PastabilitiesUITests.xctest */ = {isa = PBXFileReference; explicitFileType = wrapper.cfbundle; includeInIndex = 0; path = PastabilitiesUITests.xctest; sourceTree = BUILT_PRODUCTS_DIR; };
		D0D290F8200D309400ACC33E /* Recipe_GeneratorUITests.swift */ = {isa = PBXFileReference; lastKnownFileType = sourcecode.swift; path = Recipe_GeneratorUITests.swift; sourceTree = "<group>"; };
		D0D290FA200D309400ACC33E /* Info.plist */ = {isa = PBXFileReference; lastKnownFileType = text.plist.xml; path = Info.plist; sourceTree = "<group>"; };
		D0F5EE1320213254006966ED /* Recipe.swift */ = {isa = PBXFileReference; lastKnownFileType = sourcecode.swift; path = Recipe.swift; sourceTree = "<group>"; };
		D0F5EE152022C96D006966ED /* RecipeViewController.swift */ = {isa = PBXFileReference; lastKnownFileType = sourcecode.swift; path = RecipeViewController.swift; sourceTree = "<group>"; };
/* End PBXFileReference section */

/* Begin PBXFrameworksBuildPhase section */
		D0D290D2200D309300ACC33E /* Frameworks */ = {
			isa = PBXFrameworksBuildPhase;
			buildActionMask = 2147483647;
			files = (
			);
			runOnlyForDeploymentPostprocessing = 0;
		};
		D0D290E6200D309400ACC33E /* Frameworks */ = {
			isa = PBXFrameworksBuildPhase;
			buildActionMask = 2147483647;
			files = (
			);
			runOnlyForDeploymentPostprocessing = 0;
		};
		D0D290F1200D309400ACC33E /* Frameworks */ = {
			isa = PBXFrameworksBuildPhase;
			buildActionMask = 2147483647;
			files = (
			);
			runOnlyForDeploymentPostprocessing = 0;
		};
/* End PBXFrameworksBuildPhase section */

/* Begin PBXGroup section */
		D0D290CC200D309300ACC33E = {
			isa = PBXGroup;
			children = (
				D0D290D7200D309300ACC33E /* Pastabilities */,
				D0D290EC200D309400ACC33E /* PastabilitiesTests */,
				D0D290F7200D309400ACC33E /* PastabilitiesUITests */,
				D0D290D6200D309300ACC33E /* Products */,
			);
			sourceTree = "<group>";
		};
		D0D290D6200D309300ACC33E /* Products */ = {
			isa = PBXGroup;
			children = (
				D0D290D5200D309300ACC33E /* Pastabilities.app */,
				D0D290E9200D309400ACC33E /* PastabilitiesTests.xctest */,
				D0D290F4200D309400ACC33E /* PastabilitiesUITests.xctest */,
			);
			name = Products;
			sourceTree = "<group>";
		};
		D0D290D7200D309300ACC33E /* Pastabilities */ = {
			isa = PBXGroup;
			children = (
				D0D290D8200D309400ACC33E /* AppDelegate.swift */,
				D0D290DC200D309400ACC33E /* Main.storyboard */,
				D0D290DA200D309400ACC33E /* HomeViewController.swift */,
				D05C020E203A12B0005BD226 /* CustomRecipeViewController.swift */,
				D0F5EE1320213254006966ED /* Recipe.swift */,
				D0F5EE152022C96D006966ED /* RecipeViewController.swift */,
				D0D290DF200D309400ACC33E /* Assets.xcassets */,
				D0D290E1200D309400ACC33E /* LaunchScreen.storyboard */,
				D0D290E4200D309400ACC33E /* Info.plist */,
			);
			path = Pastabilities;
			sourceTree = "<group>";
		};
		D0D290EC200D309400ACC33E /* PastabilitiesTests */ = {
			isa = PBXGroup;
			children = (
				D0D290ED200D309400ACC33E /* Recipe_GeneratorTests.swift */,
				D0D290EF200D309400ACC33E /* Info.plist */,
			);
			path = PastabilitiesTests;
			sourceTree = "<group>";
		};
		D0D290F7200D309400ACC33E /* PastabilitiesUITests */ = {
			isa = PBXGroup;
			children = (
				D0D290F8200D309400ACC33E /* Recipe_GeneratorUITests.swift */,
				D0D290FA200D309400ACC33E /* Info.plist */,
			);
			path = PastabilitiesUITests;
			sourceTree = "<group>";
		};
/* End PBXGroup section */

/* Begin PBXNativeTarget section */
		D0D290D4200D309300ACC33E /* Pastabilities */ = {
			isa = PBXNativeTarget;
			buildConfigurationList = D0D290FD200D309400ACC33E /* Build configuration list for PBXNativeTarget "Pastabilities" */;
			buildPhases = (
				D0D290D1200D309300ACC33E /* Sources */,
				D0D290D2200D309300ACC33E /* Frameworks */,
				D0D290D3200D309300ACC33E /* Resources */,
			);
			buildRules = (
			);
			dependencies = (
			);
			name = Pastabilities;
			productName = "Recipe Generator";
			productReference = D0D290D5200D309300ACC33E /* Pastabilities.app */;
			productType = "com.apple.product-type.application";
		};
		D0D290E8200D309400ACC33E /* PastabilitiesTests */ = {
			isa = PBXNativeTarget;
			buildConfigurationList = D0D29100200D309400ACC33E /* Build configuration list for PBXNativeTarget "PastabilitiesTests" */;
			buildPhases = (
				D0D290E5200D309400ACC33E /* Sources */,
				D0D290E6200D309400ACC33E /* Frameworks */,
				D0D290E7200D309400ACC33E /* Resources */,
			);
			buildRules = (
			);
			dependencies = (
				D0D290EB200D309400ACC33E /* PBXTargetDependency */,
			);
			name = PastabilitiesTests;
			productName = "Recipe GeneratorTests";
			productReference = D0D290E9200D309400ACC33E /* PastabilitiesTests.xctest */;
			productType = "com.apple.product-type.bundle.unit-test";
		};
		D0D290F3200D309400ACC33E /* PastabilitiesUITests */ = {
			isa = PBXNativeTarget;
			buildConfigurationList = D0D29103200D309400ACC33E /* Build configuration list for PBXNativeTarget "PastabilitiesUITests" */;
			buildPhases = (
				D0D290F0200D309400ACC33E /* Sources */,
				D0D290F1200D309400ACC33E /* Frameworks */,
				D0D290F2200D309400ACC33E /* Resources */,
			);
			buildRules = (
			);
			dependencies = (
				D0D290F6200D309400ACC33E /* PBXTargetDependency */,
			);
			name = PastabilitiesUITests;
			productName = "Recipe GeneratorUITests";
			productReference = D0D290F4200D309400ACC33E /* PastabilitiesUITests.xctest */;
			productType = "com.apple.product-type.bundle.ui-testing";
		};
/* End PBXNativeTarget section */

/* Begin PBXProject section */
		D0D290CD200D309300ACC33E /* Project object */ = {
			isa = PBXProject;
			attributes = {
				LastSwiftUpdateCheck = 0920;
				LastUpgradeCheck = 0920;
				ORGANIZATIONNAME = "Alexander Lim";
				TargetAttributes = {
					D0D290D4200D309300ACC33E = {
						CreatedOnToolsVersion = 9.2;
						ProvisioningStyle = Automatic;
					};
					D0D290E8200D309400ACC33E = {
						CreatedOnToolsVersion = 9.2;
						ProvisioningStyle = Automatic;
						TestTargetID = D0D290D4200D309300ACC33E;
					};
					D0D290F3200D309400ACC33E = {
						CreatedOnToolsVersion = 9.2;
						ProvisioningStyle = Automatic;
						TestTargetID = D0D290D4200D309300ACC33E;
					};
				};
			};
			buildConfigurationList = D0D290D0200D309300ACC33E /* Build configuration list for PBXProject "Pastabilities" */;
			compatibilityVersion = "Xcode 8.0";
			developmentRegion = en;
			hasScannedForEncodings = 0;
			knownRegions = (
				en,
				Base,
			);
			mainGroup = D0D290CC200D309300ACC33E;
			productRefGroup = D0D290D6200D309300ACC33E /* Products */;
			projectDirPath = "";
			projectRoot = "";
			targets = (
				D0D290D4200D309300ACC33E /* Pastabilities */,
				D0D290E8200D309400ACC33E /* PastabilitiesTests */,
				D0D290F3200D309400ACC33E /* PastabilitiesUITests */,
			);
		};
/* End PBXProject section */

/* Begin PBXResourcesBuildPhase section */
		D0D290D3200D309300ACC33E /* Resources */ = {
			isa = PBXResourcesBuildPhase;
			buildActionMask = 2147483647;
			files = (
				D0D290E3200D309400ACC33E /* LaunchScreen.storyboard in Resources */,
				D0D290E0200D309400ACC33E /* Assets.xcassets in Resources */,
				D0D290DE200D309400ACC33E /* Main.storyboard in Resources */,
			);
			runOnlyForDeploymentPostprocessing = 0;
		};
		D0D290E7200D309400ACC33E /* Resources */ = {
			isa = PBXResourcesBuildPhase;
			buildActionMask = 2147483647;
			files = (
			);
			runOnlyForDeploymentPostprocessing = 0;
		};
		D0D290F2200D309400ACC33E /* Resources */ = {
			isa = PBXResourcesBuildPhase;
			buildActionMask = 2147483647;
			files = (
			);
			runOnlyForDeploymentPostprocessing = 0;
		};
/* End PBXResourcesBuildPhase section */

/* Begin PBXSourcesBuildPhase section */
		D0D290D1200D309300ACC33E /* Sources */ = {
			isa = PBXSourcesBuildPhase;
			buildActionMask = 2147483647;
			files = (
				D05C020F203A12B0005BD226 /* CustomRecipeViewController.swift in Sources */,
				D0F5EE162022C96D006966ED /* RecipeViewController.swift in Sources */,
				D0D290DB200D309400ACC33E /* HomeViewController.swift in Sources */,
				D0D290D9200D309400ACC33E /* AppDelegate.swift in Sources */,
				D0F5EE1420213254006966ED /* Recipe.swift in Sources */,
			);
			runOnlyForDeploymentPostprocessing = 0;
		};
		D0D290E5200D309400ACC33E /* Sources */ = {
			isa = PBXSourcesBuildPhase;
			buildActionMask = 2147483647;
			files = (
				D0D290EE200D309400ACC33E /* Recipe_GeneratorTests.swift in Sources */,
			);
			runOnlyForDeploymentPostprocessing = 0;
		};
		D0D290F0200D309400ACC33E /* Sources */ = {
			isa = PBXSourcesBuildPhase;
			buildActionMask = 2147483647;
			files = (
				D0D290F9200D309400ACC33E /* Recipe_GeneratorUITests.swift in Sources */,
			);
			runOnlyForDeploymentPostprocessing = 0;
		};
/* End PBXSourcesBuildPhase section */

/* Begin PBXTargetDependency section */
		D0D290EB200D309400ACC33E /* PBXTargetDependency */ = {
			isa = PBXTargetDependency;
			target = D0D290D4200D309300ACC33E /* Pastabilities */;
			targetProxy = D0D290EA200D309400ACC33E /* PBXContainerItemProxy */;
		};
		D0D290F6200D309400ACC33E /* PBXTargetDependency */ = {
			isa = PBXTargetDependency;
			target = D0D290D4200D309300ACC33E /* Pastabilities */;
			targetProxy = D0D290F5200D309400ACC33E /* PBXContainerItemProxy */;
		};
/* End PBXTargetDependency section */

/* Begin PBXVariantGroup section */
		D0D290DC200D309400ACC33E /* Main.storyboard */ = {
			isa = PBXVariantGroup;
			children = (
				D0D290DD200D309400ACC33E /* Base */,
			);
			name = Main.storyboard;
			sourceTree = "<group>";
		};
		D0D290E1200D309400ACC33E /* LaunchScreen.storyboard */ = {
			isa = PBXVariantGroup;
			children = (
				D0D290E2200D309400ACC33E /* Base */,
			);
			name = LaunchScreen.storyboard;
			sourceTree = "<group>";
		};
/* End PBXVariantGroup section */

/* Begin XCBuildConfiguration section */
		D0D290FB200D309400ACC33E /* Debug */ = {
			isa = XCBuildConfiguration;
			buildSettings = {
				ALWAYS_SEARCH_USER_PATHS = NO;
				CLANG_ANALYZER_NONNULL = YES;
				CLANG_ANALYZER_NUMBER_OBJECT_CONVERSION = YES_AGGRESSIVE;
				CLANG_CXX_LANGUAGE_STANDARD = "gnu++14";
				CLANG_CXX_LIBRARY = "libc++";
				CLANG_ENABLE_MODULES = YES;
				CLANG_ENABLE_OBJC_ARC = YES;
				CLANG_WARN_BLOCK_CAPTURE_AUTORELEASING = YES;
				CLANG_WARN_BOOL_CONVERSION = YES;
				CLANG_WARN_COMMA = YES;
				CLANG_WARN_CONSTANT_CONVERSION = YES;
				CLANG_WARN_DIRECT_OBJC_ISA_USAGE = YES_ERROR;
				CLANG_WARN_DOCUMENTATION_COMMENTS = YES;
				CLANG_WARN_EMPTY_BODY = YES;
				CLANG_WARN_ENUM_CONVERSION = YES;
				CLANG_WARN_INFINITE_RECURSION = YES;
				CLANG_WARN_INT_CONVERSION = YES;
				CLANG_WARN_NON_LITERAL_NULL_CONVERSION = YES;
				CLANG_WARN_OBJC_LITERAL_CONVERSION = YES;
				CLANG_WARN_OBJC_ROOT_CLASS = YES_ERROR;
				CLANG_WARN_RANGE_LOOP_ANALYSIS = YES;
				CLANG_WARN_STRICT_PROTOTYPES = YES;
				CLANG_WARN_SUSPICIOUS_MOVE = YES;
				CLANG_WARN_UNGUARDED_AVAILABILITY = YES_AGGRESSIVE;
				CLANG_WARN_UNREACHABLE_CODE = YES;
				CLANG_WARN__DUPLICATE_METHOD_MATCH = YES;
				CODE_SIGN_IDENTITY = "iPhone Developer";
				COPY_PHASE_STRIP = NO;
				DEBUG_INFORMATION_FORMAT = dwarf;
				ENABLE_STRICT_OBJC_MSGSEND = YES;
				ENABLE_TESTABILITY = YES;
				GCC_C_LANGUAGE_STANDARD = gnu11;
				GCC_DYNAMIC_NO_PIC = NO;
				GCC_NO_COMMON_BLOCKS = YES;
				GCC_OPTIMIZATION_LEVEL = 0;
				GCC_PREPROCESSOR_DEFINITIONS = (
					"DEBUG=1",
					"$(inherited)",
				);
				GCC_WARN_64_TO_32_BIT_CONVERSION = YES;
				GCC_WARN_ABOUT_RETURN_TYPE = YES_ERROR;
				GCC_WARN_UNDECLARED_SELECTOR = YES;
				GCC_WARN_UNINITIALIZED_AUTOS = YES_AGGRESSIVE;
				GCC_WARN_UNUSED_FUNCTION = YES;
				GCC_WARN_UNUSED_VARIABLE = YES;
				IPHONEOS_DEPLOYMENT_TARGET = 11.2;
				MTL_ENABLE_DEBUG_INFO = YES;
				ONLY_ACTIVE_ARCH = YES;
				SDKROOT = iphoneos;
				SWIFT_ACTIVE_COMPILATION_CONDITIONS = DEBUG;
				SWIFT_OPTIMIZATION_LEVEL = "-Onone";
			};
			name = Debug;
		};
		D0D290FC200D309400ACC33E /* Release */ = {
			isa = XCBuildConfiguration;
			buildSettings = {
				ALWAYS_SEARCH_USER_PATHS = NO;
				CLANG_ANALYZER_NONNULL = YES;
				CLANG_ANALYZER_NUMBER_OBJECT_CONVERSION = YES_AGGRESSIVE;
				CLANG_CXX_LANGUAGE_STANDARD = "gnu++14";
				CLANG_CXX_LIBRARY = "libc++";
				CLANG_ENABLE_MODULES = YES;
				CLANG_ENABLE_OBJC_ARC = YES;
				CLANG_WARN_BLOCK_CAPTURE_AUTORELEASING = YES;
				CLANG_WARN_BOOL_CONVERSION = YES;
				CLANG_WARN_COMMA = YES;
				CLANG_WARN_CONSTANT_CONVERSION = YES;
				CLANG_WARN_DIRECT_OBJC_ISA_USAGE = YES_ERROR;
				CLANG_WARN_DOCUMENTATION_COMMENTS = YES;
				CLANG_WARN_EMPTY_BODY = YES;
				CLANG_WARN_ENUM_CONVERSION = YES;
				CLANG_WARN_INFINITE_RECURSION = YES;
				CLANG_WARN_INT_CONVERSION = YES;
				CLANG_WARN_NON_LITERAL_NULL_CONVERSION = YES;
				CLANG_WARN_OBJC_LITERAL_CONVERSION = YES;
				CLANG_WARN_OBJC_ROOT_CLASS = YES_ERROR;
				CLANG_WARN_RANGE_LOOP_ANALYSIS = YES;
				CLANG_WARN_STRICT_PROTOTYPES = YES;
				CLANG_WARN_SUSPICIOUS_MOVE = YES;
				CLANG_WARN_UNGUARDED_AVAILABILITY = YES_AGGRESSIVE;
				CLANG_WARN_UNREACHABLE_CODE = YES;
				CLANG_WARN__DUPLICATE_METHOD_MATCH = YES;
				CODE_SIGN_IDENTITY = "iPhone Developer";
				COPY_PHASE_STRIP = NO;
				DEBUG_INFORMATION_FORMAT = "dwarf-with-dsym";
				ENABLE_NS_ASSERTIONS = NO;
				ENABLE_STRICT_OBJC_MSGSEND = YES;
				GCC_C_LANGUAGE_STANDARD = gnu11;
				GCC_NO_COMMON_BLOCKS = YES;
				GCC_WARN_64_TO_32_BIT_CONVERSION = YES;
				GCC_WARN_ABOUT_RETURN_TYPE = YES_ERROR;
				GCC_WARN_UNDECLARED_SELECTOR = YES;
				GCC_WARN_UNINITIALIZED_AUTOS = YES_AGGRESSIVE;
				GCC_WARN_UNUSED_FUNCTION = YES;
				GCC_WARN_UNUSED_VARIABLE = YES;
				IPHONEOS_DEPLOYMENT_TARGET = 11.2;
				MTL_ENABLE_DEBUG_INFO = NO;
				SDKROOT = iphoneos;
				SWIFT_OPTIMIZATION_LEVEL = "-Owholemodule";
				VALIDATE_PRODUCT = YES;
			};
			name = Release;
		};
		D0D290FE200D309400ACC33E /* Debug */ = {
			isa = XCBuildConfiguration;
			buildSettings = {
				ASSETCATALOG_COMPILER_APPICON_NAME = AppIcon;
				CODE_SIGN_STYLE = Automatic;
				DEVELOPMENT_TEAM = BQ259KN77Z;
				INFOPLIST_FILE = Pastabilities/Info.plist;
				LD_RUNPATH_SEARCH_PATHS = "$(inherited) @executable_path/Frameworks";
				PRODUCT_BUNDLE_IDENTIFIER = "com.AlexanderLim.Recipe-Generator";
				PRODUCT_NAME = "$(TARGET_NAME)";
				SWIFT_VERSION = 4.0;
				TARGETED_DEVICE_FAMILY = "1,2";
			};
			name = Debug;
		};
		D0D290FF200D309400ACC33E /* Release */ = {
			isa = XCBuildConfiguration;
			buildSettings = {
				ASSETCATALOG_COMPILER_APPICON_NAME = AppIcon;
				CODE_SIGN_STYLE = Automatic;
				DEVELOPMENT_TEAM = BQ259KN77Z;
				INFOPLIST_FILE = Pastabilities/Info.plist;
				LD_RUNPATH_SEARCH_PATHS = "$(inherited) @executable_path/Frameworks";
				PRODUCT_BUNDLE_IDENTIFIER = "com.AlexanderLim.Recipe-Generator";
				PRODUCT_NAME = "$(TARGET_NAME)";
				SWIFT_VERSION = 4.0;
				TARGETED_DEVICE_FAMILY = "1,2";
			};
			name = Release;
		};
		D0D29101200D309400ACC33E /* Debug */ = {
			isa = XCBuildConfiguration;
			buildSettings = {
				ALWAYS_EMBED_SWIFT_STANDARD_LIBRARIES = YES;
				BUNDLE_LOADER = "$(TEST_HOST)";
				CODE_SIGN_STYLE = Automatic;
				DEVELOPMENT_TEAM = BQ259KN77Z;
				INFOPLIST_FILE = "Recipe GeneratorTests/Info.plist";
				LD_RUNPATH_SEARCH_PATHS = "$(inherited) @executable_path/Frameworks @loader_path/Frameworks";
				PRODUCT_BUNDLE_IDENTIFIER = "com.AlexanderLim.Recipe-GeneratorTests";
				PRODUCT_NAME = "$(TARGET_NAME)";
				SWIFT_VERSION = 4.0;
				TARGETED_DEVICE_FAMILY = "1,2";
				TEST_HOST = "$(BUILT_PRODUCTS_DIR)/Pastabilities.app/Pastabilities";
			};
			name = Debug;
		};
		D0D29102200D309400ACC33E /* Release */ = {
			isa = XCBuildConfiguration;
			buildSettings = {
				ALWAYS_EMBED_SWIFT_STANDARD_LIBRARIES = YES;
				BUNDLE_LOADER = "$(TEST_HOST)";
				CODE_SIGN_STYLE = Automatic;
				DEVELOPMENT_TEAM = BQ259KN77Z;
				INFOPLIST_FILE = "Recipe GeneratorTests/Info.plist";
				LD_RUNPATH_SEARCH_PATHS = "$(inherited) @executable_path/Frameworks @loader_path/Frameworks";
				PRODUCT_BUNDLE_IDENTIFIER = "com.AlexanderLim.Recipe-GeneratorTests";
				PRODUCT_NAME = "$(TARGET_NAME)";
				SWIFT_VERSION = 4.0;
				TARGETED_DEVICE_FAMILY = "1,2";
				TEST_HOST = "$(BUILT_PRODUCTS_DIR)/Pastabilities.app/Pastabilities";
			};
			name = Release;
		};
		D0D29104200D309400ACC33E /* Debug */ = {
			isa = XCBuildConfiguration;
			buildSettings = {
				ALWAYS_EMBED_SWIFT_STANDARD_LIBRARIES = YES;
				CODE_SIGN_STYLE = Automatic;
				DEVELOPMENT_TEAM = BQ259KN77Z;
				INFOPLIST_FILE = "Recipe GeneratorUITests/Info.plist";
				LD_RUNPATH_SEARCH_PATHS = "$(inherited) @executable_path/Frameworks @loader_path/Frameworks";
				PRODUCT_BUNDLE_IDENTIFIER = "com.AlexanderLim.Recipe-GeneratorUITests";
				PRODUCT_NAME = "$(TARGET_NAME)";
				SWIFT_VERSION = 4.0;
				TARGETED_DEVICE_FAMILY = "1,2";
				TEST_TARGET_NAME = "Recipe Generator";
			};
			name = Debug;
		};
		D0D29105200D309400ACC33E /* Release */ = {
			isa = XCBuildConfiguration;
			buildSettings = {
				ALWAYS_EMBED_SWIFT_STANDARD_LIBRARIES = YES;
				CODE_SIGN_STYLE = Automatic;
				DEVELOPMENT_TEAM = BQ259KN77Z;
				INFOPLIST_FILE = "Recipe GeneratorUITests/Info.plist";
				LD_RUNPATH_SEARCH_PATHS = "$(inherited) @executable_path/Frameworks @loader_path/Frameworks";
				PRODUCT_BUNDLE_IDENTIFIER = "com.AlexanderLim.Recipe-GeneratorUITests";
				PRODUCT_NAME = "$(TARGET_NAME)";
				SWIFT_VERSION = 4.0;
				TARGETED_DEVICE_FAMILY = "1,2";
				TEST_TARGET_NAME = "Recipe Generator";
			};
			name = Release;
		};
/* End XCBuildConfiguration section */

/* Begin XCConfigurationList section */
		D0D290D0200D309300ACC33E /* Build configuration list for PBXProject "Pastabilities" */ = {
			isa = XCConfigurationList;
			buildConfigurations = (
				D0D290FB200D309400ACC33E /* Debug */,
				D0D290FC200D309400ACC33E /* Release */,
			);
			defaultConfigurationIsVisible = 0;
			defaultConfigurationName = Release;
		};
		D0D290FD200D309400ACC33E /* Build configuration list for PBXNativeTarget "Pastabilities" */ = {
			isa = XCConfigurationList;
			buildConfigurations = (
				D0D290FE200D309400ACC33E /* Debug */,
				D0D290FF200D309400ACC33E /* Release */,
			);
			defaultConfigurationIsVisible = 0;
			defaultConfigurationName = Release;
		};
		D0D29100200D309400ACC33E /* Build configuration list for PBXNativeTarget "PastabilitiesTests" */ = {
			isa = XCConfigurationList;
			buildConfigurations = (
				D0D29101200D309400ACC33E /* Debug */,
				D0D29102200D309400ACC33E /* Release */,
			);
			defaultConfigurationIsVisible = 0;
			defaultConfigurationName = Release;
		};
		D0D29103200D309400ACC33E /* Build configuration list for PBXNativeTarget "PastabilitiesUITests" */ = {
			isa = XCConfigurationList;
			buildConfigurations = (
				D0D29104200D309400ACC33E /* Debug */,
				D0D29105200D309400ACC33E /* Release */,
			);
			defaultConfigurationIsVisible = 0;
			defaultConfigurationName = Release;
		};
/* End XCConfigurationList section */
	};
	rootObject = D0D290CD200D309300ACC33E /* Project object */;
}
